{
  "object": {
    "pins": [
      {
        "package": "Salad",
        "repositoryURL": "https://github.com/Q42/Salad.git",
        "state": {
          "branch": "main",
          "revision": "0caeeb8cbcea3433274229208b1ab52dd6fe29bd",
          "version": null
        }
      }
    ]
  },
  "version": 1
}
